
Microsoft Visual Studio Solution File, Format Version 12.00
# Visual Studio Version 16
VisualStudioVersion = 16.0.30104.148
MinimumVisualStudioVersion = 10.0.40219.1
Project("{FAE04EC0-301F-11D3-BF4B-00C04F79EFBC}") = "RunAsUser", "RunAsUser.csproj", "{9DFF282C-93B9-4063-BF8A-B6798371D35A}"
EndProject
Global
	GlobalSection(SolutionConfigurationPlatforms) = preSolution
		Debug|Any CPU = Debug|Any CPU
		Release|Any CPU = Release|Any CPU
	EndGlobalSection
	GlobalSection(ProjectConfigurationPlatforms) = postSolution
		{9DFF282C-93B9-4063-BF8A-B6798371D35A}.Debug|Any CPU.ActiveCfg = Debug|Any CPU
		{9DFF282C-93B9-4063-BF8A-B6798371D35A}.Debug|Any CPU.Build.0 = Debug|Any CPU
		{9DFF282C-93B9-4063-BF8A-B6798371D35A}.Release|Any CPU.ActiveCfg = Release|Any CPU
		{9DFF282C-93B9-4063-BF8A-B6798371D35A}.Release|Any CPU.Build.0 = Release|Any CPU
	EndGlobalSection
	GlobalSection(SolutionProperties) = preSolution
		HideSolutionNode = FALSE
	EndGlobalSection
	GlobalSection(ExtensibilityGlobals) = postSolution
		SolutionGuid = {515BB131-19AC-42C6-9258-BFBFB5652408}
	EndGlobalSection
EndGlobal
